# THIS IS AN AUTOGENERATED FILE. DO NOT EDIT THIS FILE DIRECTLY.
# yarn lockfile v1


typescript@^3.2.2:
  version "3.2.2"
  resolved "https://registry.yarnpkg.com/typescript/-/typescript-3.2.2.tgz#fe8101c46aa123f8353523ebdcf5730c2ae493e5"

vue@^2.5.21:
  version "2.5.21"
  resolved "https://registry.yarnpkg.com/vue/-/vue-2.5.21.tgz#3d33dcd03bb813912ce894a8303ab553699c4a85"
